// !$*UTF8*$!
{
	archiveVersion = 1;
	classes = {
	};
	objectVersion = 50;
	objects = {

/* Begin PBXBuildFile section */
		4BCA16C82589747B0018E9C9 /* AppDelegate.swift in Sources */ = {isa = PBXBuildFile; fileRef = 4BCA16C72589747B0018E9C9 /* AppDelegate.swift */; };
		4BCA16CA2589747B0018E9C9 /* SceneDelegate.swift in Sources */ = {isa = PBXBuildFile; fileRef = 4BCA16C92589747B0018E9C9 /* SceneDelegate.swift */; };
		4BCA16CC2589747B0018E9C9 /* ViewController.swift in Sources */ = {isa = PBXBuildFile; fileRef = 4BCA16CB2589747B0018E9C9 /* ViewController.swift */; };
		4BCA16CF2589747B0018E9C9 /* Main.storyboard in Resources */ = {isa = PBXBuildFile; fileRef = 4BCA16CD2589747B0018E9C9 /* Main.storyboard */; };
		4BCA16D12589747C0018E9C9 /* Assets.xcassets in Resources */ = {isa = PBXBuildFile; fileRef = 4BCA16D02589747C0018E9C9 /* Assets.xcassets */; };
		4BCA16D42589747C0018E9C9 /* LaunchScreen.storyboard in Resources */ = {isa = PBXBuildFile; fileRef = 4BCA16D22589747C0018E9C9 /* LaunchScreen.storyboard */; };
		4BCA16DF2589747C0018E9C9 /* TestWorldTests.swift in Sources */ = {isa = PBXBuildFile; fileRef = 4BCA16DE2589747C0018E9C9 /* TestWorldTests.swift */; };
		4BCA16EA2589747C0018E9C9 /* TestWorldUITests.swift in Sources */ = {isa = PBXBuildFile; fileRef = 4BCA16E92589747C0018E9C9 /* TestWorldUITests.swift */; };
/* End PBXBuildFile section */

/* Begin PBXContainerItemProxy section */
		4BCA16DB2589747C0018E9C9 /* PBXContainerItemProxy */ = {
			isa = PBXContainerItemProxy;
			containerPortal = 4BCA16BC2589747B0018E9C9 /* Project object */;
			proxyType = 1;
			remoteGlobalIDString = 4BCA16C32589747B0018E9C9;
			remoteInfo = TestWorld;
		};
		4BCA16E62589747C0018E9C9 /* PBXContainerItemProxy */ = {
			isa = PBXContainerItemProxy;
			containerPortal = 4BCA16BC2589747B0018E9C9 /* Project object */;
			proxyType = 1;
			remoteGlobalIDString = 4BCA16C32589747B0018E9C9;
			remoteInfo = TestWorld;
		};
/* End PBXContainerItemProxy section */

/* Begin PBXFileReference section */
		4BCA16C42589747B0018E9C9 /* TestWorld.app */ = {isa = PBXFileReference; explicitFileType = wrapper.application; includeInIndex = 0; path = TestWorld.app; sourceTree = BUILT_PRODUCTS_DIR; };
		4BCA16C72589747B0018E9C9 /* AppDelegate.swift */ = {isa = PBXFileReference; lastKnownFileType = sourcecode.swift; path = AppDelegate.swift; sourceTree = "<group>"; };
		4BCA16C92589747B0018E9C9 /* SceneDelegate.swift */ = {isa = PBXFileReference; lastKnownFileType = sourcecode.swift; path = SceneDelegate.swift; sourceTree = "<group>"; };
		4BCA16CB2589747B0018E9C9 /* ViewController.swift */ = {isa = PBXFileReference; lastKnownFileType = sourcecode.swift; path = ViewController.swift; sourceTree = "<group>"; };
		4BCA16CE2589747B0018E9C9 /* Base */ = {isa = PBXFileReference; lastKnownFileType = file.storyboard; name = Base; path = Base.lproj/Main.storyboard; sourceTree = "<group>"; };
		4BCA16D02589747C0018E9C9 /* Assets.xcassets */ = {isa = PBXFileReference; lastKnownFileType = folder.assetcatalog; path = Assets.xcassets; sourceTree = "<group>"; };
		4BCA16D32589747C0018E9C9 /* Base */ = {isa = PBXFileReference; lastKnownFileType = file.storyboard; name = Base; path = Base.lproj/LaunchScreen.storyboard; sourceTree = "<group>"; };
		4BCA16D52589747C0018E9C9 /* Info.plist */ = {isa = PBXFileReference; lastKnownFileType = text.plist.xml; path = Info.plist; sourceTree = "<group>"; };
		4BCA16DA2589747C0018E9C9 /* TestWorldTests.xctest */ = {isa = PBXFileReference; explicitFileType = wrapper.cfbundle; includeInIndex = 0; path = TestWorldTests.xctest; sourceTree = BUILT_PRODUCTS_DIR; };
		4BCA16DE2589747C0018E9C9 /* TestWorldTests.swift */ = {isa = PBXFileReference; lastKnownFileType = sourcecode.swift; path = TestWorldTests.swift; sourceTree = "<group>"; };
		4BCA16E02589747C0018E9C9 /* Info.plist */ = {isa = PBXFileReference; lastKnownFileType = text.plist.xml; path = Info.plist; sourceTree = "<group>"; };
		4BCA16E52589747C0018E9C9 /* TestWorldUITests.xctest */ = {isa = PBXFileReference; explicitFileType = wrapper.cfbundle; includeInIndex = 0; path = TestWorldUITests.xctest; sourceTree = BUILT_PRODUCTS_DIR; };
		4BCA16E92589747C0018E9C9 /* TestWorldUITests.swift */ = {isa = PBXFileReference; lastKnownFileType = sourcecode.swift; path = TestWorldUITests.swift; sourceTree = "<group>"; };
		4BCA16EB2589747C0018E9C9 /* Info.plist */ = {isa = PBXFileReference; lastKnownFileType = text.plist.xml; path = Info.plist; sourceTree = "<group>"; };
/* End PBXFileReference section */

/* Begin PBXFrameworksBuildPhase section */
		4BCA16C12589747B0018E9C9 /* Frameworks */ = {
			isa = PBXFrameworksBuildPhase;
			buildActionMask = 2147483647;
			files = (
			);
			runOnlyForDeploymentPostprocessing = 0;
		};
		4BCA16D72589747C0018E9C9 /* Frameworks */ = {
			isa = PBXFrameworksBuildPhase;
			buildActionMask = 2147483647;
			files = (
			);
			runOnlyForDeploymentPostprocessing = 0;
		};
		4BCA16E22589747C0018E9C9 /* Frameworks */ = {
			isa = PBXFrameworksBuildPhase;
			buildActionMask = 2147483647;
			files = (
			);
			runOnlyForDeploymentPostprocessing = 0;
		};
/* End PBXFrameworksBuildPhase section */

/* Begin PBXGroup section */
		4BCA16BB2589747B0018E9C9 = {
			isa = PBXGroup;
			children = (
				4BCA16C62589747B0018E9C9 /* TestWorld */,
				4BCA16DD2589747C0018E9C9 /* TestWorldTests */,
				4BCA16E82589747C0018E9C9 /* TestWorldUITests */,
				4BCA16C52589747B0018E9C9 /* Products */,
			);
			sourceTree = "<group>";
		};
		4BCA16C52589747B0018E9C9 /* Products */ = {
			isa = PBXGroup;
			children = (
				4BCA16C42589747B0018E9C9 /* TestWorld.app */,
				4BCA16DA2589747C0018E9C9 /* TestWorldTests.xctest */,
				4BCA16E52589747C0018E9C9 /* TestWorldUITests.xctest */,
			);
			name = Products;
			sourceTree = "<group>";
		};
		4BCA16C62589747B0018E9C9 /* TestWorld */ = {
			isa = PBXGroup;
			children = (
				4BCA16C72589747B0018E9C9 /* AppDelegate.swift */,
				4BCA16C92589747B0018E9C9 /* SceneDelegate.swift */,
				4BCA16CB2589747B0018E9C9 /* ViewController.swift */,
				4BCA16CD2589747B0018E9C9 /* Main.storyboard */,
				4BCA16D02589747C0018E9C9 /* Assets.xcassets */,
				4BCA16D22589747C0018E9C9 /* LaunchScreen.storyboard */,
				4BCA16D52589747C0018E9C9 /* Info.plist */,
			);
			path = TestWorld;
			sourceTree = "<group>";
		};
		4BCA16DD2589747C0018E9C9 /* TestWorldTests */ = {
			isa = PBXGroup;
			children = (
				4BCA16DE2589747C0018E9C9 /* TestWorldTests.swift */,
				4BCA16E02589747C0018E9C9 /* Info.plist */,
			);
			path = TestWorldTests;
			sourceTree = "<group>";
		};
		4BCA16E82589747C0018E9C9 /* TestWorldUITests */ = {
			isa = PBXGroup;
			children = (
				4BCA16E92589747C0018E9C9 /* TestWorldUITests.swift */,
				4BCA16EB2589747C0018E9C9 /* Info.plist */,
			);
			path = TestWorldUITests;
			sourceTree = "<group>";
		};
/* End PBXGroup section */

/* Begin PBXNativeTarget section */
		4BCA16C32589747B0018E9C9 /* TestWorld */ = {
			isa = PBXNativeTarget;
			buildConfigurationList = 4BCA16EE2589747C0018E9C9 /* Build configuration list for PBXNativeTarget "TestWorld" */;
			buildPhases = (
				4BCA16C02589747B0018E9C9 /* Sources */,
				4BCA16C12589747B0018E9C9 /* Frameworks */,
				4BCA16C22589747B0018E9C9 /* Resources */,
			);
			buildRules = (
			);
			dependencies = (
			);
			name = TestWorld;
			productName = TestWorld;
			productReference = 4BCA16C42589747B0018E9C9 /* TestWorld.app */;
			productType = "com.apple.product-type.application";
		};
		4BCA16D92589747C0018E9C9 /* TestWorldTests */ = {
			isa = PBXNativeTarget;
			buildConfigurationList = 4BCA16F12589747C0018E9C9 /* Build configuration list for PBXNativeTarget "TestWorldTests" */;
			buildPhases = (
				4BCA16D62589747C0018E9C9 /* Sources */,
				4BCA16D72589747C0018E9C9 /* Frameworks */,
				4BCA16D82589747C0018E9C9 /* Resources */,
			);
			buildRules = (
			);
			dependencies = (
				4BCA16DC2589747C0018E9C9 /* PBXTargetDependency */,
			);
			name = TestWorldTests;
			productName = TestWorldTests;
			productReference = 4BCA16DA2589747C0018E9C9 /* TestWorldTests.xctest */;
			productType = "com.apple.product-type.bundle.unit-test";
		};
		4BCA16E42589747C0018E9C9 /* TestWorldUITests */ = {
			isa = PBXNativeTarget;
			buildConfigurationList = 4BCA16F42589747C0018E9C9 /* Build configuration list for PBXNativeTarget "TestWorldUITests" */;
			buildPhases = (
				4BCA16E12589747C0018E9C9 /* Sources */,
				4BCA16E22589747C0018E9C9 /* Frameworks */,
				4BCA16E32589747C0018E9C9 /* Resources */,
			);
			buildRules = (
			);
			dependencies = (
				4BCA16E72589747C0018E9C9 /* PBXTargetDependency */,
			);
			name = TestWorldUITests;
			productName = TestWorldUITests;
			productReference = 4BCA16E52589747C0018E9C9 /* TestWorldUITests.xctest */;
			productType = "com.apple.product-type.bundle.ui-testing";
		};
/* End PBXNativeTarget section */

/* Begin PBXProject section */
		4BCA16BC2589747B0018E9C9 /* Project object */ = {
			isa = PBXProject;
			attributes = {
				LastSwiftUpdateCheck = 1230;
				LastUpgradeCheck = 1230;
				TargetAttributes = {
					4BCA16C32589747B0018E9C9 = {
						CreatedOnToolsVersion = 12.3;
					};
					4BCA16D92589747C0018E9C9 = {
						CreatedOnToolsVersion = 12.3;
						TestTargetID = 4BCA16C32589747B0018E9C9;
					};
					4BCA16E42589747C0018E9C9 = {
						CreatedOnToolsVersion = 12.3;
						TestTargetID = 4BCA16C32589747B0018E9C9;
					};
				};
			};
			buildConfigurationList = 4BCA16BF2589747B0018E9C9 /* Build configuration list for PBXProject "TestWorld" */;
			compatibilityVersion = "Xcode 9.3";
			developmentRegion = en;
			hasScannedForEncodings = 0;
			knownRegions = (
				en,
				Base,
			);
			mainGroup = 4BCA16BB2589747B0018E9C9;
			productRefGroup = 4BCA16C52589747B0018E9C9 /* Products */;
			projectDirPath = "";
			projectRoot = "";
			targets = (
				4BCA16C32589747B0018E9C9 /* TestWorld */,
				4BCA16D92589747C0018E9C9 /* TestWorldTests */,
				4BCA16E42589747C0018E9C9 /* TestWorldUITests */,
			);
		};
/* End PBXProject section */

/* Begin PBXResourcesBuildPhase section */
		4BCA16C22589747B0018E9C9 /* Resources */ = {
			isa = PBXResourcesBuildPhase;
			buildActionMask = 2147483647;
			files = (
				4BCA16D42589747C0018E9C9 /* LaunchScreen.storyboard in Resources */,
				4BCA16D12589747C0018E9C9 /* Assets.xcassets in Resources */,
				4BCA16CF2589747B0018E9C9 /* Main.storyboard in Resources */,
			);
			runOnlyForDeploymentPostprocessing = 0;
		};
		4BCA16D82589747C0018E9C9 /* Resources */ = {
			isa = PBXResourcesBuildPhase;
			buildActionMask = 2147483647;
			files = (
			);
			runOnlyForDeploymentPostprocessing = 0;
		};
		4BCA16E32589747C0018E9C9 /* Resources */ = {
			isa = PBXResourcesBuildPhase;
			buildActionMask = 2147483647;
			files = (
			);
			runOnlyForDeploymentPostprocessing = 0;
		};
/* End PBXResourcesBuildPhase section */

/* Begin PBXSourcesBuildPhase section */
		4BCA16C02589747B0018E9C9 /* Sources */ = {
			isa = PBXSourcesBuildPhase;
			buildActionMask = 2147483647;
			files = (
				4BCA16CC2589747B0018E9C9 /* ViewController.swift in Sources */,
				4BCA16C82589747B0018E9C9 /* AppDelegate.swift in Sources */,
				4BCA16CA2589747B0018E9C9 /* SceneDelegate.swift in Sources */,
			);
			runOnlyForDeploymentPostprocessing = 0;
		};
		4BCA16D62589747C0018E9C9 /* Sources */ = {
			isa = PBXSourcesBuildPhase;
			buildActionMask = 2147483647;
			files = (
				4BCA16DF2589747C0018E9C9 /* TestWorldTests.swift in Sources */,
			);
			runOnlyForDeploymentPostprocessing = 0;
		};
		4BCA16E12589747C0018E9C9 /* Sources */ = {
			isa = PBXSourcesBuildPhase;
			buildActionMask = 2147483647;
			files = (
				4BCA16EA2589747C0018E9C9 /* TestWorldUITests.swift in Sources */,
			);
			runOnlyForDeploymentPostprocessing = 0;
		};
/* End PBXSourcesBuildPhase section */

/* Begin PBXTargetDependency section */
		4BCA16DC2589747C0018E9C9 /* PBXTargetDependency */ = {
			isa = PBXTargetDependency;
			target = 4BCA16C32589747B0018E9C9 /* TestWorld */;
			targetProxy = 4BCA16DB2589747C0018E9C9 /* PBXContainerItemProxy */;
		};
		4BCA16E72589747C0018E9C9 /* PBXTargetDependency */ = {
			isa = PBXTargetDependency;
			target = 4BCA16C32589747B0018E9C9 /* TestWorld */;
			targetProxy = 4BCA16E62589747C0018E9C9 /* PBXContainerItemProxy */;
		};
/* End PBXTargetDependency section */

/* Begin PBXVariantGroup section */
		4BCA16CD2589747B0018E9C9 /* Main.storyboard */ = {
			isa = PBXVariantGroup;
			children = (
				4BCA16CE2589747B0018E9C9 /* Base */,
			);
			name = Main.storyboard;
			sourceTree = "<group>";
		};
		4BCA16D22589747C0018E9C9 /* LaunchScreen.storyboard */ = {
			isa = PBXVariantGroup;
			children = (
				4BCA16D32589747C0018E9C9 /* Base */,
			);
			name = LaunchScreen.storyboard;
			sourceTree = "<group>";
		};
/* End PBXVariantGroup section */

/* Begin XCBuildConfiguration section */
		4BCA16EC2589747C0018E9C9 /* Debug */ = {
			isa = XCBuildConfiguration;
			buildSettings = {
				ALWAYS_SEARCH_USER_PATHS = NO;
				CLANG_ANALYZER_NONNULL = YES;
				CLANG_ANALYZER_NUMBER_OBJECT_CONVERSION = YES_AGGRESSIVE;
				CLANG_CXX_LANGUAGE_STANDARD = "gnu++14";
				CLANG_CXX_LIBRARY = "libc++";
				CLANG_ENABLE_MODULES = YES;
				CLANG_ENABLE_OBJC_ARC = YES;
				CLANG_ENABLE_OBJC_WEAK = YES;
				CLANG_WARN_BLOCK_CAPTURE_AUTORELEASING = YES;
				CLANG_WARN_BOOL_CONVERSION = YES;
				CLANG_WARN_COMMA = YES;
				CLANG_WARN_CONSTANT_CONVERSION = YES;
				CLANG_WARN_DEPRECATED_OBJC_IMPLEMENTATIONS = YES;
				CLANG_WARN_DIRECT_OBJC_ISA_USAGE = YES_ERROR;
				CLANG_WARN_DOCUMENTATION_COMMENTS = YES;
				CLANG_WARN_EMPTY_BODY = YES;
				CLANG_WARN_ENUM_CONVERSION = YES;
				CLANG_WARN_INFINITE_RECURSION = YES;
				CLANG_WARN_INT_CONVERSION = YES;
				CLANG_WARN_NON_LITERAL_NULL_CONVERSION = YES;
				CLANG_WARN_OBJC_IMPLICIT_RETAIN_SELF = YES;
				CLANG_WARN_OBJC_LITERAL_CONVERSION = YES;
				CLANG_WARN_OBJC_ROOT_CLASS = YES_ERROR;
				CLANG_WARN_QUOTED_INCLUDE_IN_FRAMEWORK_HEADER = YES;
				CLANG_WARN_RANGE_LOOP_ANALYSIS = YES;
				CLANG_WARN_STRICT_PROTOTYPES = YES;
				CLANG_WARN_SUSPICIOUS_MOVE = YES;
				CLANG_WARN_UNGUARDED_AVAILABILITY = YES_AGGRESSIVE;
				CLANG_WARN_UNREACHABLE_CODE = YES;
				CLANG_WARN__DUPLICATE_METHOD_MATCH = YES;
				COPY_PHASE_STRIP = NO;
				DEBUG_INFORMATION_FORMAT = dwarf;
				ENABLE_STRICT_OBJC_MSGSEND = YES;
				ENABLE_TESTABILITY = YES;
				GCC_C_LANGUAGE_STANDARD = gnu11;
				GCC_DYNAMIC_NO_PIC = NO;
				GCC_NO_COMMON_BLOCKS = YES;
				GCC_OPTIMIZATION_LEVEL = 0;
				GCC_PREPROCESSOR_DEFINITIONS = (
					"DEBUG=1",
					"$(inherited)",
				);
				GCC_WARN_64_TO_32_BIT_CONVERSION = YES;
				GCC_WARN_ABOUT_RETURN_TYPE = YES_ERROR;
				GCC_WARN_UNDECLARED_SELECTOR = YES;
				GCC_WARN_UNINITIALIZED_AUTOS = YES_AGGRESSIVE;
				GCC_WARN_UNUSED_FUNCTION = YES;
				GCC_WARN_UNUSED_VARIABLE = YES;
				IPHONEOS_DEPLOYMENT_TARGET = 14.3;
				MTL_ENABLE_DEBUG_INFO = INCLUDE_SOURCE;
				MTL_FAST_MATH = YES;
				ONLY_ACTIVE_ARCH = YES;
				SDKROOT = iphoneos;
				SWIFT_ACTIVE_COMPILATION_CONDITIONS = DEBUG;
				SWIFT_OPTIMIZATION_LEVEL = "-Onone";
			};
			name = Debug;
		};
		4BCA16ED2589747C0018E9C9 /* Release */ = {
			isa = XCBuildConfiguration;
			buildSettings = {
				ALWAYS_SEARCH_USER_PATHS = NO;
				CLANG_ANALYZER_NONNULL = YES;
				CLANG_ANALYZER_NUMBER_OBJECT_CONVERSION = YES_AGGRESSIVE;
				CLANG_CXX_LANGUAGE_STANDARD = "gnu++14";
				CLANG_CXX_LIBRARY = "libc++";
				CLANG_ENABLE_MODULES = YES;
				CLANG_ENABLE_OBJC_ARC = YES;
				CLANG_ENABLE_OBJC_WEAK = YES;
				CLANG_WARN_BLOCK_CAPTURE_AUTORELEASING = YES;
				CLANG_WARN_BOOL_CONVERSION = YES;
				CLANG_WARN_COMMA = YES;
				CLANG_WARN_CONSTANT_CONVERSION = YES;
				CLANG_WARN_DEPRECATED_OBJC_IMPLEMENTATIONS = YES;
				CLANG_WARN_DIRECT_OBJC_ISA_USAGE = YES_ERROR;
				CLANG_WARN_DOCUMENTATION_COMMENTS = YES;
				CLANG_WARN_EMPTY_BODY = YES;
				CLANG_WARN_ENUM_CONVERSION = YES;
				CLANG_WARN_INFINITE_RECURSION = YES;
				CLANG_WARN_INT_CONVERSION = YES;
				CLANG_WARN_NON_LITERAL_NULL_CONVERSION = YES;
				CLANG_WARN_OBJC_IMPLICIT_RETAIN_SELF = YES;
				CLANG_WARN_OBJC_LITERAL_CONVERSION = YES;
				CLANG_WARN_OBJC_ROOT_CLASS = YES_ERROR;
				CLANG_WARN_QUOTED_INCLUDE_IN_FRAMEWORK_HEADER = YES;
				CLANG_WARN_RANGE_LOOP_ANALYSIS = YES;
				CLANG_WARN_STRICT_PROTOTYPES = YES;
				CLANG_WARN_SUSPICIOUS_MOVE = YES;
				CLANG_WARN_UNGUARDED_AVAILABILITY = YES_AGGRESSIVE;
				CLANG_WARN_UNREACHABLE_CODE = YES;
				CLANG_WARN__DUPLICATE_METHOD_MATCH = YES;
				COPY_PHASE_STRIP = NO;
				DEBUG_INFORMATION_FORMAT = "dwarf-with-dsym";
				ENABLE_NS_ASSERTIONS = NO;
				ENABLE_STRICT_OBJC_MSGSEND = YES;
				GCC_C_LANGUAGE_STANDARD = gnu11;
				GCC_NO_COMMON_BLOCKS = YES;
				GCC_WARN_64_TO_32_BIT_CONVERSION = YES;
				GCC_WARN_ABOUT_RETURN_TYPE = YES_ERROR;
				GCC_WARN_UNDECLARED_SELECTOR = YES;
				GCC_WARN_UNINITIALIZED_AUTOS = YES_AGGRESSIVE;
				GCC_WARN_UNUSED_FUNCTION = YES;
				GCC_WARN_UNUSED_VARIABLE = YES;
				IPHONEOS_DEPLOYMENT_TARGET = 14.3;
				MTL_ENABLE_DEBUG_INFO = NO;
				MTL_FAST_MATH = YES;
				SDKROOT = iphoneos;
				SWIFT_COMPILATION_MODE = wholemodule;
				SWIFT_OPTIMIZATION_LEVEL = "-O";
				VALIDATE_PRODUCT = YES;
			};
			name = Release;
		};
		4BCA16EF2589747C0018E9C9 /* Debug */ = {
			isa = XCBuildConfiguration;
			buildSettings = {
				ASSETCATALOG_COMPILER_APPICON_NAME = AppIcon;
				ASSETCATALOG_COMPILER_GLOBAL_ACCENT_COLOR_NAME = AccentColor;
				CODE_SIGN_STYLE = Automatic;
				DEVELOPMENT_TEAM = TQA322H87A;
				INFOPLIST_FILE = TestWorld/Info.plist;
				LD_RUNPATH_SEARCH_PATHS = (
					"$(inherited)",
					"@executable_path/Frameworks",
				);
				PRODUCT_BUNDLE_IDENTIFIER = de.marvhuelsmann.TestWorld;
				PRODUCT_NAME = "$(TARGET_NAME)";
				SWIFT_VERSION = 5.0;
				TARGETED_DEVICE_FAMILY = "1,2";
			};
			name = Debug;
		};
		4BCA16F02589747C0018E9C9 /* Release */ = {
			isa = XCBuildConfiguration;
			buildSettings = {
				ASSETCATALOG_COMPILER_APPICON_NAME = AppIcon;
				ASSETCATALOG_COMPILER_GLOBAL_ACCENT_COLOR_NAME = AccentColor;
				CODE_SIGN_STYLE = Automatic;
				DEVELOPMENT_TEAM = TQA322H87A;
				INFOPLIST_FILE = TestWorld/Info.plist;
				LD_RUNPATH_SEARCH_PATHS = (
					"$(inherited)",
					"@executable_path/Frameworks",
				);
				PRODUCT_BUNDLE_IDENTIFIER = de.marvhuelsmann.TestWorld;
				PRODUCT_NAME = "$(TARGET_NAME)";
				SWIFT_VERSION = 5.0;
				TARGETED_DEVICE_FAMILY = "1,2";
			};
			name = Release;
		};
		4BCA16F22589747C0018E9C9 /* Debug */ = {
			isa = XCBuildConfiguration;
			buildSettings = {
				ALWAYS_EMBED_SWIFT_STANDARD_LIBRARIES = YES;
				BUNDLE_LOADER = "$(TEST_HOST)";
				CODE_SIGN_STYLE = Automatic;
				DEVELOPMENT_TEAM = TQA322H87A;
				INFOPLIST_FILE = TestWorldTests/Info.plist;
				IPHONEOS_DEPLOYMENT_TARGET = 14.3;
				LD_RUNPATH_SEARCH_PATHS = (
					"$(inherited)",
					"@executable_path/Frameworks",
					"@loader_path/Frameworks",
				);
				PRODUCT_BUNDLE_IDENTIFIER = de.marvhuelsmann.TestWorldTests;
				PRODUCT_NAME = "$(TARGET_NAME)";
				SWIFT_VERSION = 5.0;
				TARGETED_DEVICE_FAMILY = "1,2";
				TEST_HOST = "$(BUILT_PRODUCTS_DIR)/TestWorld.app/TestWorld";
			};
			name = Debug;
		};
		4BCA16F32589747C0018E9C9 /* Release */ = {
			isa = XCBuildConfiguration;
			buildSettings = {
				ALWAYS_EMBED_SWIFT_STANDARD_LIBRARIES = YES;
				BUNDLE_LOADER = "$(TEST_HOST)";
				CODE_SIGN_STYLE = Automatic;
				DEVELOPMENT_TEAM = TQA322H87A;
				INFOPLIST_FILE = TestWorldTests/Info.plist;
				IPHONEOS_DEPLOYMENT_TARGET = 14.3;
				LD_RUNPATH_SEARCH_PATHS = (
					"$(inherited)",
					"@executable_path/Frameworks",
					"@loader_path/Frameworks",
				);
				PRODUCT_BUNDLE_IDENTIFIER = de.marvhuelsmann.TestWorldTests;
				PRODUCT_NAME = "$(TARGET_NAME)";
				SWIFT_VERSION = 5.0;
				TARGETED_DEVICE_FAMILY = "1,2";
				TEST_HOST = "$(BUILT_PRODUCTS_DIR)/TestWorld.app/TestWorld";
			};
			name = Release;
		};
		4BCA16F52589747C0018E9C9 /* Debug */ = {
			isa = XCBuildConfiguration;
			buildSettings = {
				ALWAYS_EMBED_SWIFT_STANDARD_LIBRARIES = YES;
				CODE_SIGN_STYLE = Automatic;
				DEVELOPMENT_TEAM = TQA322H87A;
				INFOPLIST_FILE = TestWorldUITests/Info.plist;
				LD_RUNPATH_SEARCH_PATHS = (
					"$(inherited)",
					"@executable_path/Frameworks",
					"@loader_path/Frameworks",
				);
				PRODUCT_BUNDLE_IDENTIFIER = de.marvhuelsmann.TestWorldUITests;
				PRODUCT_NAME = "$(TARGET_NAME)";
				SWIFT_VERSION = 5.0;
				TARGETED_DEVICE_FAMILY = "1,2";
				TEST_TARGET_NAME = TestWorld;
			};
			name = Debug;
		};
		4BCA16F62589747C0018E9C9 /* Release */ = {
			isa = XCBuildConfiguration;
			buildSettings = {
				ALWAYS_EMBED_SWIFT_STANDARD_LIBRARIES = YES;
				CODE_SIGN_STYLE = Automatic;
				DEVELOPMENT_TEAM = TQA322H87A;
				INFOPLIST_FILE = TestWorldUITests/Info.plist;
				LD_RUNPATH_SEARCH_PATHS = (
					"$(inherited)",
					"@executable_path/Frameworks",
					"@loader_path/Frameworks",
				);
				PRODUCT_BUNDLE_IDENTIFIER = de.marvhuelsmann.TestWorldUITests;
				PRODUCT_NAME = "$(TARGET_NAME)";
				SWIFT_VERSION = 5.0;
				TARGETED_DEVICE_FAMILY = "1,2";
				TEST_TARGET_NAME = TestWorld;
			};
			name = Release;
		};
/* End XCBuildConfiguration section */

/* Begin XCConfigurationList section */
		4BCA16BF2589747B0018E9C9 /* Build configuration list for PBXProject "TestWorld" */ = {
			isa = XCConfigurationList;
			buildConfigurations = (
				4BCA16EC2589747C0018E9C9 /* Debug */,
				4BCA16ED2589747C0018E9C9 /* Release */,
			);
			defaultConfigurationIsVisible = 0;
			defaultConfigurationName = Release;
		};
		4BCA16EE2589747C0018E9C9 /* Build configuration list for PBXNativeTarget "TestWorld" */ = {
			isa = XCConfigurationList;
			buildConfigurations = (
				4BCA16EF2589747C0018E9C9 /* Debug */,
				4BCA16F02589747C0018E9C9 /* Release */,
			);
			defaultConfigurationIsVisible = 0;
			defaultConfigurationName = Release;
		};
		4BCA16F12589747C0018E9C9 /* Build configuration list for PBXNativeTarget "TestWorldTests" */ = {
			isa = XCConfigurationList;
			buildConfigurations = (
				4BCA16F22589747C0018E9C9 /* Debug */,
				4BCA16F32589747C0018E9C9 /* Release */,
			);
			defaultConfigurationIsVisible = 0;
			defaultConfigurationName = Release;
		};
		4BCA16F42589747C0018E9C9 /* Build configuration list for PBXNativeTarget "TestWorldUITests" */ = {
			isa = XCConfigurationList;
			buildConfigurations = (
				4BCA16F52589747C0018E9C9 /* Debug */,
				4BCA16F62589747C0018E9C9 /* Release */,
			);
			defaultConfigurationIsVisible = 0;
			defaultConfigurationName = Release;
		};
/* End XCConfigurationList section */
	};
	rootObject = 4BCA16BC2589747B0018E9C9 /* Project object */;
}
